{
  "name": "dlink_websocketclient",
  "version": "0.4.1",
  "lockfileVersion": 1,
  "requires": true,
  "dependencies": {
    "@types/node": {
      "version": "14.14.20",
      "resolved": "https://registry.npmjs.org/@types/node/-/node-14.14.20.tgz",
      "integrity": "sha512-Y93R97Ouif9JEOWPIUyU+eyIdyRqQR0I8Ez1dzku4hDx34NWh4HbtIc3WNzwB1Y9ULvNGeu5B8h8bVL5cAk4/A==",
      "dev": true
    },
    "ws": {
      "version": "7.4.6",
      "resolved": "https://registry.npmjs.org/ws/-/ws-7.4.6.tgz",
      "integrity": "sha512-YmhHDO4MzaDLB+M9ym/mDA5z0naX8j7SIlT8f8z+I0VtzsRbekxEutHSme7NPS2qE8StCYQNUnfWdXta/Yu85A=="
    }
  }
}
